#MicroXplorer Configuration settings - do not modify
Mcu.Family=STM32F1
NVIC.SysTick_IRQn=true\:0\:0\:false\:false\:true\:false\:true
ProjectManager.LastFirmware=true
ProjectManager.MainLocation=Core/Src
ProjectManager.FirmwarePackage=STM32Cube FW_F1 V1.8.4
MxDb.Version=DB.6.0.21
ProjectManager.ProjectFileName=UART_TEST.ioc
RCC.APB2Freq_Value=8000000
USART2.IPParameters=VirtualMode,BaudRate
ProjectManager.BackupPrevious=false
MxCube.Version=6.2.1
USART1.Mode=MODE_TX
ProjectManager.KeepUserCode=true
Mcu.UserName=STM32F103C6Tx
PA10.Mode=Asynchronous
Mcu.PinsNb=7
ProjectManager.NoMain=false
File.Version=6
VP_SYS_VS_Systick.Mode=SysTick
VP_SYS_VS_ND.Signal=SYS_VS_ND
USART1.BaudRate=9600
RCC.PLLCLKFreq_Value=8000000
NVIC.NonMaskableInt_IRQn=true\:0\:0\:false\:false\:true\:false\:false
NVIC.PendSV_IRQn=true\:0\:0\:false\:false\:true\:false\:false
ProjectManager.functionlistsort=1-MX_GPIO_Init-GPIO-false-HAL-true,2-SystemClock_Config-RCC-false-HAL-false,3-MX_USART2_UART_Init-USART2-false-HAL-true
ProjectManager.FreePins=false
RCC.IPParameters=APB1Freq_Value,APB2Freq_Value,FamilyName,PLLCLKFreq_Value,PLLMCOFreq_Value,TimSysFreq_Value
ProjectManager.DefaultFWLocation=true
ProjectManager.AskForMigrate=true
Mcu.Name=STM32F103C(4-6)Tx
ProjectManager.HalAssertFull=false
ProjectManager.DeletePrevious=true
PA2.Signal=USART2_TX
ProjectManager.ProjectName=UART_TEST
ProjectManager.UnderRoot=true
USART1.IPParameters=VirtualMode,BaudRate,Mode
VP_SYS_VS_ND.Mode=No_Debug
RCC.PLLMCOFreq_Value=4000000
ProjectManager.CoupleFile=false
NVIC.USART2_IRQn=true\:0\:0\:false\:false\:true\:true\:true
USART2.BaudRate=9600
PinOutPanel.RotationAngle=0
Mcu.Package=LQFP48
PA6.Signal=GPIO_Output
RCC.FamilyName=M
RCC.TimSysFreq_Value=8000000
ProjectManager.StackSize=0x400
NVIC.ForceEnableDMAVector=true
KeepUserPlacement=false
USART2.VirtualMode=VM_ASYNC
PA3.Mode=Asynchronous
NVIC.MemoryManagement_IRQn=true\:0\:0\:false\:false\:true\:false\:false
Mcu.IP4=USART2
USART1.VirtualMode=VM_ASYNC
ProjectManager.CompilerOptimize=6
NVIC.SVCall_IRQn=true\:0\:0\:false\:false\:true\:false\:false
Mcu.IP2=SYS
ProjectManager.ToolChainLocation=
Mcu.IP3=USART1
VP_SYS_VS_Systick.Signal=SYS_VS_Systick
Mcu.IP0=NVIC
PA9.Mode=Asynchronous
Mcu.IP1=RCC
PA10.Signal=USART1_RX
ProjectManager.HeapSize=0x200
NVIC.HardFault_IRQn=true\:0\:0\:false\:false\:true\:false\:false
Mcu.UserConstants=
ProjectManager.TargetToolchain=STM32CubeIDE
ProjectManager.ComputerToolchain=false
Mcu.ThirdPartyNb=0
NVIC.PriorityGroup=NVIC_PRIORITYGROUP_4
Mcu.IPNb=5
ProjectManager.PreviousToolchain=
PA9.Signal=USART1_TX
PA2.Mode=Asynchronous
NVIC.BusFault_IRQn=true\:0\:0\:false\:false\:true\:false\:false
Mcu.Pin6=VP_SYS_VS_Systick
ProjectManager.RegisterCallBack=
RCC.APB1Freq_Value=8000000
Mcu.Pin0=PA2
Mcu.Pin1=PA3
GPIO.groupedBy=Group By Peripherals
Mcu.Pin2=PA6
ProjectManager.CustomerFirmwarePackage=
Mcu.Pin3=PA9
ProjectManager.DeviceId=STM32F103C6Tx
Mcu.Pin4=PA10
Mcu.Pin5=VP_SYS_VS_ND
ProjectManager.LibraryCopy=1
ProjectManager.ProjectBuild=false
NVIC.UsageFault_IRQn=true\:0\:0\:false\:false\:true\:false\:false
PA3.Signal=USART2_RX
NVIC.DebugMonitor_IRQn=true\:0\:0\:false\:false\:true\:false\:false
board=custom
PA6.Locked=true
isbadioc=false
